
Microsoft Visual Studio Solution File, Format Version 12.00
# Visual Studio Version 16
VisualStudioVersion = 16.0.29905.134
MinimumVisualStudioVersion = 10.0.40219.1
Project("{8BC9CEB8-8B4A-11D0-8D11-00A0C91BC942}") = "interview_apple_simulate_4_1", "interview_apple_simulate_4_1.vcxproj", "{D7F0A9C8-71B7-4D37-BAE6-7F2587BCB58F}"
EndProject
Global
	GlobalSection(SolutionConfigurationPlatforms) = preSolution
		Debug|x64 = Debug|x64
		Debug|x86 = Debug|x86
		Release|x64 = Release|x64
		Release|x86 = Release|x86
	EndGlobalSection
	GlobalSection(ProjectConfigurationPlatforms) = postSolution
		{D7F0A9C8-71B7-4D37-BAE6-7F2587BCB58F}.Debug|x64.ActiveCfg = Debug|x64
		{D7F0A9C8-71B7-4D37-BAE6-7F2587BCB58F}.Debug|x64.Build.0 = Debug|x64
		{D7F0A9C8-71B7-4D37-BAE6-7F2587BCB58F}.Debug|x86.ActiveCfg = Debug|Win32
		{D7F0A9C8-71B7-4D37-BAE6-7F2587BCB58F}.Debug|x86.Build.0 = Debug|Win32
		{D7F0A9C8-71B7-4D37-BAE6-7F2587BCB58F}.Release|x64.ActiveCfg = Release|x64
		{D7F0A9C8-71B7-4D37-BAE6-7F2587BCB58F}.Release|x64.Build.0 = Release|x64
		{D7F0A9C8-71B7-4D37-BAE6-7F2587BCB58F}.Release|x86.ActiveCfg = Release|Win32
		{D7F0A9C8-71B7-4D37-BAE6-7F2587BCB58F}.Release|x86.Build.0 = Release|Win32
	EndGlobalSection
	GlobalSection(SolutionProperties) = preSolution
		HideSolutionNode = FALSE
	EndGlobalSection
	GlobalSection(ExtensibilityGlobals) = postSolution
		SolutionGuid = {0054F7E8-5F76-4F36-80EF-11186D559146}
	EndGlobalSection
EndGlobal
