
Microsoft Visual Studio Solution File, Format Version 12.00
# Visual Studio Version 16
VisualStudioVersion = 16.0.29806.167
MinimumVisualStudioVersion = 10.0.40219.1
Project("{8BC9CEB8-8B4A-11D0-8D11-00A0C91BC942}") = "leetcode_1527", "leetcode_1527.vcxproj", "{FE49FB93-6F52-41A8-B630-C800E1DC4468}"
EndProject
Global
	GlobalSection(SolutionConfigurationPlatforms) = preSolution
		Debug|x64 = Debug|x64
		Debug|x86 = Debug|x86
		Release|x64 = Release|x64
		Release|x86 = Release|x86
	EndGlobalSection
	GlobalSection(ProjectConfigurationPlatforms) = postSolution
		{FE49FB93-6F52-41A8-B630-C800E1DC4468}.Debug|x64.ActiveCfg = Debug|x64
		{FE49FB93-6F52-41A8-B630-C800E1DC4468}.Debug|x64.Build.0 = Debug|x64
		{FE49FB93-6F52-41A8-B630-C800E1DC4468}.Debug|x86.ActiveCfg = Debug|Win32
		{FE49FB93-6F52-41A8-B630-C800E1DC4468}.Debug|x86.Build.0 = Debug|Win32
		{FE49FB93-6F52-41A8-B630-C800E1DC4468}.Release|x64.ActiveCfg = Release|x64
		{FE49FB93-6F52-41A8-B630-C800E1DC4468}.Release|x64.Build.0 = Release|x64
		{FE49FB93-6F52-41A8-B630-C800E1DC4468}.Release|x86.ActiveCfg = Release|Win32
		{FE49FB93-6F52-41A8-B630-C800E1DC4468}.Release|x86.Build.0 = Release|Win32
	EndGlobalSection
	GlobalSection(SolutionProperties) = preSolution
		HideSolutionNode = FALSE
	EndGlobalSection
	GlobalSection(ExtensibilityGlobals) = postSolution
		SolutionGuid = {D06F71C4-27DA-4D68-9933-6A954E99E871}
	EndGlobalSection
EndGlobal
