
Microsoft Visual Studio Solution File, Format Version 12.00
# Visual Studio Version 16
VisualStudioVersion = 16.0.29806.167
MinimumVisualStudioVersion = 10.0.40219.1
Project("{8BC9CEB8-8B4A-11D0-8D11-00A0C91BC942}") = "leetcode_1455", "leetcode_1455.vcxproj", "{EB5B161E-748C-4397-A9DC-0865B69C19BC}"
EndProject
Global
	GlobalSection(SolutionConfigurationPlatforms) = preSolution
		Debug|x64 = Debug|x64
		Debug|x86 = Debug|x86
		Release|x64 = Release|x64
		Release|x86 = Release|x86
	EndGlobalSection
	GlobalSection(ProjectConfigurationPlatforms) = postSolution
		{EB5B161E-748C-4397-A9DC-0865B69C19BC}.Debug|x64.ActiveCfg = Debug|x64
		{EB5B161E-748C-4397-A9DC-0865B69C19BC}.Debug|x64.Build.0 = Debug|x64
		{EB5B161E-748C-4397-A9DC-0865B69C19BC}.Debug|x86.ActiveCfg = Debug|Win32
		{EB5B161E-748C-4397-A9DC-0865B69C19BC}.Debug|x86.Build.0 = Debug|Win32
		{EB5B161E-748C-4397-A9DC-0865B69C19BC}.Release|x64.ActiveCfg = Release|x64
		{EB5B161E-748C-4397-A9DC-0865B69C19BC}.Release|x64.Build.0 = Release|x64
		{EB5B161E-748C-4397-A9DC-0865B69C19BC}.Release|x86.ActiveCfg = Release|Win32
		{EB5B161E-748C-4397-A9DC-0865B69C19BC}.Release|x86.Build.0 = Release|Win32
	EndGlobalSection
	GlobalSection(SolutionProperties) = preSolution
		HideSolutionNode = FALSE
	EndGlobalSection
	GlobalSection(ExtensibilityGlobals) = postSolution
		SolutionGuid = {C2738B25-1D63-4A12-9140-2BAFC5898FBD}
	EndGlobalSection
EndGlobal
