
Microsoft Visual Studio Solution File, Format Version 12.00
# Visual Studio Version 16
VisualStudioVersion = 16.0.29905.134
MinimumVisualStudioVersion = 10.0.40219.1
Project("{8BC9CEB8-8B4A-11D0-8D11-00A0C91BC942}") = "interview_apple_simulate_1_2", "interview_apple_simulate_1_2.vcxproj", "{5A54EA56-62C6-4198-9296-9B8706B6371A}"
EndProject
Global
	GlobalSection(SolutionConfigurationPlatforms) = preSolution
		Debug|x64 = Debug|x64
		Debug|x86 = Debug|x86
		Release|x64 = Release|x64
		Release|x86 = Release|x86
	EndGlobalSection
	GlobalSection(ProjectConfigurationPlatforms) = postSolution
		{5A54EA56-62C6-4198-9296-9B8706B6371A}.Debug|x64.ActiveCfg = Debug|x64
		{5A54EA56-62C6-4198-9296-9B8706B6371A}.Debug|x64.Build.0 = Debug|x64
		{5A54EA56-62C6-4198-9296-9B8706B6371A}.Debug|x86.ActiveCfg = Debug|Win32
		{5A54EA56-62C6-4198-9296-9B8706B6371A}.Debug|x86.Build.0 = Debug|Win32
		{5A54EA56-62C6-4198-9296-9B8706B6371A}.Release|x64.ActiveCfg = Release|x64
		{5A54EA56-62C6-4198-9296-9B8706B6371A}.Release|x64.Build.0 = Release|x64
		{5A54EA56-62C6-4198-9296-9B8706B6371A}.Release|x86.ActiveCfg = Release|Win32
		{5A54EA56-62C6-4198-9296-9B8706B6371A}.Release|x86.Build.0 = Release|Win32
	EndGlobalSection
	GlobalSection(SolutionProperties) = preSolution
		HideSolutionNode = FALSE
	EndGlobalSection
	GlobalSection(ExtensibilityGlobals) = postSolution
		SolutionGuid = {CDE72A7C-8DC4-4863-BB06-8A0515E556CA}
	EndGlobalSection
EndGlobal
