
Microsoft Visual Studio Solution File, Format Version 12.00
# Visual Studio Version 16
VisualStudioVersion = 16.0.29806.167
MinimumVisualStudioVersion = 10.0.40219.1
Project("{8BC9CEB8-8B4A-11D0-8D11-00A0C91BC942}") = "leetcode_322", "leetcode_322.vcxproj", "{20520143-BCAD-4F09-8658-A978EA197A29}"
EndProject
Global
	GlobalSection(SolutionConfigurationPlatforms) = preSolution
		Debug|x64 = Debug|x64
		Debug|x86 = Debug|x86
		Release|x64 = Release|x64
		Release|x86 = Release|x86
	EndGlobalSection
	GlobalSection(ProjectConfigurationPlatforms) = postSolution
		{20520143-BCAD-4F09-8658-A978EA197A29}.Debug|x64.ActiveCfg = Debug|x64
		{20520143-BCAD-4F09-8658-A978EA197A29}.Debug|x64.Build.0 = Debug|x64
		{20520143-BCAD-4F09-8658-A978EA197A29}.Debug|x86.ActiveCfg = Debug|Win32
		{20520143-BCAD-4F09-8658-A978EA197A29}.Debug|x86.Build.0 = Debug|Win32
		{20520143-BCAD-4F09-8658-A978EA197A29}.Release|x64.ActiveCfg = Release|x64
		{20520143-BCAD-4F09-8658-A978EA197A29}.Release|x64.Build.0 = Release|x64
		{20520143-BCAD-4F09-8658-A978EA197A29}.Release|x86.ActiveCfg = Release|Win32
		{20520143-BCAD-4F09-8658-A978EA197A29}.Release|x86.Build.0 = Release|Win32
	EndGlobalSection
	GlobalSection(SolutionProperties) = preSolution
		HideSolutionNode = FALSE
	EndGlobalSection
	GlobalSection(ExtensibilityGlobals) = postSolution
		SolutionGuid = {D8B9798A-2C7B-4416-8073-5D3C9BADBB25}
	EndGlobalSection
EndGlobal
