
Microsoft Visual Studio Solution File, Format Version 11.00
# Visual Studio 2010
Project("{8BC9CEB8-8B4A-11D0-8D11-00A0C91BC942}") = "poj1321", "poj1321\poj1321.vcxproj", "{C2DE9DD0-2D96-44D5-8836-DAA3684B7EF1}"
EndProject
Global
	GlobalSection(SolutionConfigurationPlatforms) = preSolution
		Debug|Win32 = Debug|Win32
		Release|Win32 = Release|Win32
	EndGlobalSection
	GlobalSection(ProjectConfigurationPlatforms) = postSolution
		{C2DE9DD0-2D96-44D5-8836-DAA3684B7EF1}.Debug|Win32.ActiveCfg = Debug|Win32
		{C2DE9DD0-2D96-44D5-8836-DAA3684B7EF1}.Debug|Win32.Build.0 = Debug|Win32
		{C2DE9DD0-2D96-44D5-8836-DAA3684B7EF1}.Release|Win32.ActiveCfg = Release|Win32
		{C2DE9DD0-2D96-44D5-8836-DAA3684B7EF1}.Release|Win32.Build.0 = Release|Win32
	EndGlobalSection
	GlobalSection(SolutionProperties) = preSolution
		HideSolutionNode = FALSE
	EndGlobalSection
EndGlobal
