
Microsoft Visual Studio Solution File, Format Version 12.00
# Visual Studio Version 16
VisualStudioVersion = 16.0.29905.134
MinimumVisualStudioVersion = 10.0.40219.1
Project("{8BC9CEB8-8B4A-11D0-8D11-00A0C91BC942}") = "simulate1", "simulate1.vcxproj", "{4B14F178-3D70-4604-8010-ACBA2213808A}"
EndProject
Global
	GlobalSection(SolutionConfigurationPlatforms) = preSolution
		Debug|x64 = Debug|x64
		Debug|x86 = Debug|x86
		Release|x64 = Release|x64
		Release|x86 = Release|x86
	EndGlobalSection
	GlobalSection(ProjectConfigurationPlatforms) = postSolution
		{4B14F178-3D70-4604-8010-ACBA2213808A}.Debug|x64.ActiveCfg = Debug|x64
		{4B14F178-3D70-4604-8010-ACBA2213808A}.Debug|x64.Build.0 = Debug|x64
		{4B14F178-3D70-4604-8010-ACBA2213808A}.Debug|x86.ActiveCfg = Debug|Win32
		{4B14F178-3D70-4604-8010-ACBA2213808A}.Debug|x86.Build.0 = Debug|Win32
		{4B14F178-3D70-4604-8010-ACBA2213808A}.Release|x64.ActiveCfg = Release|x64
		{4B14F178-3D70-4604-8010-ACBA2213808A}.Release|x64.Build.0 = Release|x64
		{4B14F178-3D70-4604-8010-ACBA2213808A}.Release|x86.ActiveCfg = Release|Win32
		{4B14F178-3D70-4604-8010-ACBA2213808A}.Release|x86.Build.0 = Release|Win32
	EndGlobalSection
	GlobalSection(SolutionProperties) = preSolution
		HideSolutionNode = FALSE
	EndGlobalSection
	GlobalSection(ExtensibilityGlobals) = postSolution
		SolutionGuid = {2BC796FC-B0FB-4E0D-B95D-A3DCC4F457F8}
	EndGlobalSection
EndGlobal
