
Microsoft Visual Studio Solution File, Format Version 11.00
# Visual Studio 2010
Project("{8BC9CEB8-8B4A-11D0-8D11-00A0C91BC942}") = "PAT_BASIC_1005", "PAT_BASIC_1005\PAT_BASIC_1005.vcxproj", "{1F588107-F9FD-4B0C-91F7-37D1F6FD41A8}"
EndProject
Global
	GlobalSection(SolutionConfigurationPlatforms) = preSolution
		Debug|Win32 = Debug|Win32
		Release|Win32 = Release|Win32
	EndGlobalSection
	GlobalSection(ProjectConfigurationPlatforms) = postSolution
		{1F588107-F9FD-4B0C-91F7-37D1F6FD41A8}.Debug|Win32.ActiveCfg = Debug|Win32
		{1F588107-F9FD-4B0C-91F7-37D1F6FD41A8}.Debug|Win32.Build.0 = Debug|Win32
		{1F588107-F9FD-4B0C-91F7-37D1F6FD41A8}.Release|Win32.ActiveCfg = Release|Win32
		{1F588107-F9FD-4B0C-91F7-37D1F6FD41A8}.Release|Win32.Build.0 = Release|Win32
	EndGlobalSection
	GlobalSection(SolutionProperties) = preSolution
		HideSolutionNode = FALSE
	EndGlobalSection
EndGlobal
