
Microsoft Visual Studio Solution File, Format Version 12.00
# Visual Studio Version 16
VisualStudioVersion = 16.0.29806.167
MinimumVisualStudioVersion = 10.0.40219.1
Project("{8BC9CEB8-8B4A-11D0-8D11-00A0C91BC942}") = "leetcode_1128", "leetcode_1128.vcxproj", "{A1FFE745-C15B-44E7-A890-5F58C5AF98FD}"
EndProject
Global
	GlobalSection(SolutionConfigurationPlatforms) = preSolution
		Debug|x64 = Debug|x64
		Debug|x86 = Debug|x86
		Release|x64 = Release|x64
		Release|x86 = Release|x86
	EndGlobalSection
	GlobalSection(ProjectConfigurationPlatforms) = postSolution
		{A1FFE745-C15B-44E7-A890-5F58C5AF98FD}.Debug|x64.ActiveCfg = Debug|x64
		{A1FFE745-C15B-44E7-A890-5F58C5AF98FD}.Debug|x64.Build.0 = Debug|x64
		{A1FFE745-C15B-44E7-A890-5F58C5AF98FD}.Debug|x86.ActiveCfg = Debug|Win32
		{A1FFE745-C15B-44E7-A890-5F58C5AF98FD}.Debug|x86.Build.0 = Debug|Win32
		{A1FFE745-C15B-44E7-A890-5F58C5AF98FD}.Release|x64.ActiveCfg = Release|x64
		{A1FFE745-C15B-44E7-A890-5F58C5AF98FD}.Release|x64.Build.0 = Release|x64
		{A1FFE745-C15B-44E7-A890-5F58C5AF98FD}.Release|x86.ActiveCfg = Release|Win32
		{A1FFE745-C15B-44E7-A890-5F58C5AF98FD}.Release|x86.Build.0 = Release|Win32
	EndGlobalSection
	GlobalSection(SolutionProperties) = preSolution
		HideSolutionNode = FALSE
	EndGlobalSection
	GlobalSection(ExtensibilityGlobals) = postSolution
		SolutionGuid = {03B536BD-6617-4E0C-A90F-557BE0AEB241}
	EndGlobalSection
EndGlobal
