
Microsoft Visual Studio Solution File, Format Version 11.00
# Visual Studio 2010
Project("{8BC9CEB8-8B4A-11D0-8D11-00A0C91BC942}") = "hdu_1.3.1", "hdu_1.3.1\hdu_1.3.1.vcxproj", "{3E3B3B52-B329-41BC-A5F7-2339B7C8ED34}"
EndProject
Global
	GlobalSection(SolutionConfigurationPlatforms) = preSolution
		Debug|Win32 = Debug|Win32
		Release|Win32 = Release|Win32
	EndGlobalSection
	GlobalSection(ProjectConfigurationPlatforms) = postSolution
		{3E3B3B52-B329-41BC-A5F7-2339B7C8ED34}.Debug|Win32.ActiveCfg = Debug|Win32
		{3E3B3B52-B329-41BC-A5F7-2339B7C8ED34}.Debug|Win32.Build.0 = Debug|Win32
		{3E3B3B52-B329-41BC-A5F7-2339B7C8ED34}.Release|Win32.ActiveCfg = Release|Win32
		{3E3B3B52-B329-41BC-A5F7-2339B7C8ED34}.Release|Win32.Build.0 = Release|Win32
	EndGlobalSection
	GlobalSection(SolutionProperties) = preSolution
		HideSolutionNode = FALSE
	EndGlobalSection
EndGlobal
