
Microsoft Visual Studio Solution File, Format Version 12.00
# Visual Studio Version 16
VisualStudioVersion = 16.0.29905.134
MinimumVisualStudioVersion = 10.0.40219.1
Project("{8BC9CEB8-8B4A-11D0-8D11-00A0C91BC942}") = "interview_apple_simulate_2_2", "interview_apple_simulate_2_2.vcxproj", "{2513125D-7514-4EA3-A6F3-9F788091D67F}"
EndProject
Global
	GlobalSection(SolutionConfigurationPlatforms) = preSolution
		Debug|x64 = Debug|x64
		Debug|x86 = Debug|x86
		Release|x64 = Release|x64
		Release|x86 = Release|x86
	EndGlobalSection
	GlobalSection(ProjectConfigurationPlatforms) = postSolution
		{2513125D-7514-4EA3-A6F3-9F788091D67F}.Debug|x64.ActiveCfg = Debug|x64
		{2513125D-7514-4EA3-A6F3-9F788091D67F}.Debug|x64.Build.0 = Debug|x64
		{2513125D-7514-4EA3-A6F3-9F788091D67F}.Debug|x86.ActiveCfg = Debug|Win32
		{2513125D-7514-4EA3-A6F3-9F788091D67F}.Debug|x86.Build.0 = Debug|Win32
		{2513125D-7514-4EA3-A6F3-9F788091D67F}.Release|x64.ActiveCfg = Release|x64
		{2513125D-7514-4EA3-A6F3-9F788091D67F}.Release|x64.Build.0 = Release|x64
		{2513125D-7514-4EA3-A6F3-9F788091D67F}.Release|x86.ActiveCfg = Release|Win32
		{2513125D-7514-4EA3-A6F3-9F788091D67F}.Release|x86.Build.0 = Release|Win32
	EndGlobalSection
	GlobalSection(SolutionProperties) = preSolution
		HideSolutionNode = FALSE
	EndGlobalSection
	GlobalSection(ExtensibilityGlobals) = postSolution
		SolutionGuid = {1624DF62-52AE-4C19-8E41-5234CDEDD01F}
	EndGlobalSection
EndGlobal
